
Microsoft Visual Studio Solution File, Format Version 12.00
# Visual Studio Version 17
VisualStudioVersion = 17.13.35931.197
MinimumVisualStudioVersion = 10.0.40219.1
Project("{FAE04EC0-301F-11D3-BF4B-00C04F79EFBC}") = "HotelBook1", "HotelBook1\HotelBook1.csproj", "{486DFEC0-50DD-4E37-8725-2E16DEB5A9B3}"
EndProject
Project("{FAE04EC0-301F-11D3-BF4B-00C04F79EFBC}") = "Entidades", "Entidades\Entidades.csproj", "{CD55D619-8E30-47EE-AD73-0C3582AB56BD}"
EndProject
Global
	GlobalSection(SolutionConfigurationPlatforms) = preSolution
		Debug|Any CPU = Debug|Any CPU
		Release|Any CPU = Release|Any CPU
	EndGlobalSection
	GlobalSection(ProjectConfigurationPlatforms) = postSolution
		{486DFEC0-50DD-4E37-8725-2E16DEB5A9B3}.Debug|Any CPU.ActiveCfg = Debug|Any CPU
		{486DFEC0-50DD-4E37-8725-2E16DEB5A9B3}.Debug|Any CPU.Build.0 = Debug|Any CPU
		{486DFEC0-50DD-4E37-8725-2E16DEB5A9B3}.Release|Any CPU.ActiveCfg = Release|Any CPU
		{486DFEC0-50DD-4E37-8725-2E16DEB5A9B3}.Release|Any CPU.Build.0 = Release|Any CPU
		{CD55D619-8E30-47EE-AD73-0C3582AB56BD}.Debug|Any CPU.ActiveCfg = Debug|Any CPU
		{CD55D619-8E30-47EE-AD73-0C3582AB56BD}.Debug|Any CPU.Build.0 = Debug|Any CPU
		{CD55D619-8E30-47EE-AD73-0C3582AB56BD}.Release|Any CPU.ActiveCfg = Release|Any CPU
		{CD55D619-8E30-47EE-AD73-0C3582AB56BD}.Release|Any CPU.Build.0 = Release|Any CPU
	EndGlobalSection
	GlobalSection(SolutionProperties) = preSolution
		HideSolutionNode = FALSE
	EndGlobalSection
	GlobalSection(ExtensibilityGlobals) = postSolution
		SolutionGuid = {CD48569A-EF2C-47DA-B842-4CC31DC4863B}
	EndGlobalSection
EndGlobal
